hash: df087c393e8f5dbf6b7f942a820976d26d25d06205ac3f47534189ed72a62810
updated: 2017-09-06T07:55:57.182767006Z
imports:
- name: github.com/gorilla/context
  version: 08b5f424b9271eedf6f9f0ce86cb9396ed337a42
- name: github.com/gorilla/mux
  version: bcd8bc72b08df0f70df986b97f95590779502d31
- name: github.com/joho/godotenv
  version: 726cc8b906e3d31c70a9671c90a13716a8d3f50d
- name: github.com/lib/pq
  version: e42267488fe361b9dc034be7a6bffef5b195bceb
  subpackages:
  - oid
testImports: []
